# THIS IS AN AUTOGENERATED FILE. DO NOT EDIT THIS FILE DIRECTLY.
# yarn lockfile v1


loadsh@^0.0.3:
  version "0.0.3"
  resolved "http://registry.npm.taobao.org/loadsh/download/loadsh-0.0.3.tgz#ddd567c7820be2dca94472697c2a1a7e6144c230"
  integrity sha1-3dVnx4IL4typRHJpfCoafmFEwjA=

lodash@^4.17.11:
  version "4.17.13"
  resolved "https://registry.yarnpkg.com/lodash/-/lodash-4.17.13.tgz#0bdc3a6adc873d2f4e0c4bac285df91b64fc7b93"
  integrity sha512-vm3/XWXfWtRua0FkUyEHBZy8kCPjErNBT9fJx8Zvs+U6zjqPbTUOpkaoum3O5uiA8sm+yNMHXfYkTUHFoMxFNA==
